[[package]]
name = "ifaddr"
version = "0.1.7"
description = "Cross-platform network interface and IP address enumeration library"
category = "main"
optional = false
python-versions = "*"

[[package]]
name = "zeroconf"
version = "0.38.4"
description = "Pure Python Multicast DNS Service Discovery Library (Bonjour/Avahi compatible)"
category = "main"
optional = false
python-versions = "*"

[package.dependencies]
ifaddr = ">=0.1.7"

[metadata]
lock-version = "1.1"
python-versions = "^3.8"
content-hash = "944b5c3bc6e6b85421323bd76ae236e8fcd4a11a69220aff396ec91a557f7ba0"

[metadata.files]
ifaddr = [
    {file = "ifaddr-0.1.7-py2.py3-none-any.whl", hash = "sha256:d1f603952f0a71c9ab4e705754511e4e03b02565bc4cec7188ad6415ff534cd3"},
    {file = "ifaddr-0.1.7.tar.gz", hash = "sha256:1f9e8a6ca6f16db5a37d3356f07b6e52344f6f9f7e806d618537731669eb1a94"},
]
zeroconf = [
    {file = "zeroconf-0.38.4-py3-none-any.whl", hash = "sha256:f5dd86d12d06d1eec9fad05778d3c5787c2bcc03df4de4728b938df6bff70129"},
    {file = "zeroconf-0.38.4.tar.gz", hash = "sha256:080c540ea4b8b9defa9f3ac05823c1725ea2c8aacda917bfc0193f6758b95aeb"},
]
